// !$*UTF8*$!
{
	archiveVersion = 1;
	classes = {
	};
	objectVersion = 55;
	objects = {

/* Begin PBXBuildFile section */
		9C195B302839FE1A00C64CA4 /* ProfileViewModel.swift in Sources */ = {isa = PBXBuildFile; fileRef = 9C195B2F2839FE1A00C64CA4 /* ProfileViewModel.swift */; };
		9C195B32283A0B4500C64CA4 /* UserService.swift in Sources */ = {isa = PBXBuildFile; fileRef = 9C195B31283A0B4500C64CA4 /* UserService.swift */; };
		9C195B34283A25EB00C64CA4 /* UploadPostViewModel.swift in Sources */ = {isa = PBXBuildFile; fileRef = 9C195B33283A25EB00C64CA4 /* UploadPostViewModel.swift */; };
		9C195B36283A32E600C64CA4 /* TextArea.swift in Sources */ = {isa = PBXBuildFile; fileRef = 9C195B35283A32E600C64CA4 /* TextArea.swift */; };
		9C195B39283A7EC200C64CA4 /* Post.swift in Sources */ = {isa = PBXBuildFile; fileRef = 9C195B38283A7EC200C64CA4 /* Post.swift */; };
		9C195B3B283A801700C64CA4 /* FeedViewModel.swift in Sources */ = {isa = PBXBuildFile; fileRef = 9C195B3A283A801700C64CA4 /* FeedViewModel.swift */; };
		9C195B3D283A8FF700C64CA4 /* PostGridViewModel.swift in Sources */ = {isa = PBXBuildFile; fileRef = 9C195B3C283A8FF700C64CA4 /* PostGridViewModel.swift */; };
		9C7092BE28238CF500A2A0C3 /* instacloneApp.swift in Sources */ = {isa = PBXBuildFile; fileRef = 9C7092BD28238CF500A2A0C3 /* instacloneApp.swift */; };
		9C7092C228238CF700A2A0C3 /* Assets.xcassets in Resources */ = {isa = PBXBuildFile; fileRef = 9C7092C128238CF700A2A0C3 /* Assets.xcassets */; };
		9C7092C528238CF700A2A0C3 /* Preview Assets.xcassets in Resources */ = {isa = PBXBuildFile; fileRef = 9C7092C428238CF700A2A0C3 /* Preview Assets.xcassets */; };
		9C7092D22823904900A2A0C3 /* ContentView.swift in Sources */ = {isa = PBXBuildFile; fileRef = 9C7092D12823904900A2A0C3 /* ContentView.swift */; };
		9C7092E0282391E300A2A0C3 /* MainTabView.swift in Sources */ = {isa = PBXBuildFile; fileRef = 9C7092DF282391E300A2A0C3 /* MainTabView.swift */; };
		9C7092E22823923300A2A0C3 /* FeedView.swift in Sources */ = {isa = PBXBuildFile; fileRef = 9C7092E12823923300A2A0C3 /* FeedView.swift */; };
		9C7092E42823926C00A2A0C3 /* SearchView.swift in Sources */ = {isa = PBXBuildFile; fileRef = 9C7092E32823926C00A2A0C3 /* SearchView.swift */; };
		9C7092E62823928700A2A0C3 /* NotificationsView.swift in Sources */ = {isa = PBXBuildFile; fileRef = 9C7092E52823928700A2A0C3 /* NotificationsView.swift */; };
		9C7092E8282392A700A2A0C3 /* ProfileView.swift in Sources */ = {isa = PBXBuildFile; fileRef = 9C7092E7282392A700A2A0C3 /* ProfileView.swift */; };
		9C7092EA282392BF00A2A0C3 /* UploadPostView.swift in Sources */ = {isa = PBXBuildFile; fileRef = 9C7092E9282392BF00A2A0C3 /* UploadPostView.swift */; };
		9C7092EC2823A03E00A2A0C3 /* FeedCell.swift in Sources */ = {isa = PBXBuildFile; fileRef = 9C7092EB2823A03E00A2A0C3 /* FeedCell.swift */; };
		9C7092EE2823B6C300A2A0C3 /* SearchBar.swift in Sources */ = {isa = PBXBuildFile; fileRef = 9C7092ED2823B6C300A2A0C3 /* SearchBar.swift */; };
		9C7092F02823BA8200A2A0C3 /* PostGridView.swift in Sources */ = {isa = PBXBuildFile; fileRef = 9C7092EF2823BA8200A2A0C3 /* PostGridView.swift */; };
		9C7092F42823BCDA00A2A0C3 /* UserListView.swift in Sources */ = {isa = PBXBuildFile; fileRef = 9C7092F32823BCDA00A2A0C3 /* UserListView.swift */; };
		9C7092F62823BD8400A2A0C3 /* UserCell.swift in Sources */ = {isa = PBXBuildFile; fileRef = 9C7092F52823BD8400A2A0C3 /* UserCell.swift */; };
		9C7092F82823DC9700A2A0C3 /* Extensions.swift in Sources */ = {isa = PBXBuildFile; fileRef = 9C7092F72823DC9700A2A0C3 /* Extensions.swift */; };
		9C7092FA2823E3E200A2A0C3 /* NotificationCell.swift in Sources */ = {isa = PBXBuildFile; fileRef = 9C7092F92823E3E200A2A0C3 /* NotificationCell.swift */; };
		9C7092FC2823E7C200A2A0C3 /* ProfileHeaderView.swift in Sources */ = {isa = PBXBuildFile; fileRef = 9C7092FB2823E7C200A2A0C3 /* ProfileHeaderView.swift */; };
		9C7092FE2824F6E700A2A0C3 /* UserStatView.swift in Sources */ = {isa = PBXBuildFile; fileRef = 9C7092FD2824F6E700A2A0C3 /* UserStatView.swift */; };
		9C7093012824F8A300A2A0C3 /* ProfileActionButton.swift in Sources */ = {isa = PBXBuildFile; fileRef = 9C7093002824F8A300A2A0C3 /* ProfileActionButton.swift */; };
		9C70930328250B4400A2A0C3 /* ImagePicker.swift in Sources */ = {isa = PBXBuildFile; fileRef = 9C70930228250B4400A2A0C3 /* ImagePicker.swift */; };
		9C7093262825369B00A2A0C3 /* LoginView.swift in Sources */ = {isa = PBXBuildFile; fileRef = 9C7093252825369B00A2A0C3 /* LoginView.swift */; };
		9C7093282825371D00A2A0C3 /* ResetPasswordView.swift in Sources */ = {isa = PBXBuildFile; fileRef = 9C7093272825371D00A2A0C3 /* ResetPasswordView.swift */; };
		9C70932A2825372C00A2A0C3 /* RegistrationView.swift in Sources */ = {isa = PBXBuildFile; fileRef = 9C7093292825372C00A2A0C3 /* RegistrationView.swift */; };
		9C70932C282537A500A2A0C3 /* KaushanScript-Regular.ttf in Resources */ = {isa = PBXBuildFile; fileRef = 9C70932B282537A500A2A0C3 /* KaushanScript-Regular.ttf */; };
		9C70932F282539AB00A2A0C3 /* CustomTextField.swift in Sources */ = {isa = PBXBuildFile; fileRef = 9C70932E282539AB00A2A0C3 /* CustomTextField.swift */; };
		9C709331282539B900A2A0C3 /* CustomSecureField.swift in Sources */ = {isa = PBXBuildFile; fileRef = 9C709330282539B900A2A0C3 /* CustomSecureField.swift */; };
		9C70933F28264ACB00A2A0C3 /* Kingfisher in Frameworks */ = {isa = PBXBuildFile; productRef = 9C70933E28264ACB00A2A0C3 /* Kingfisher */; };
		9CB6DA8128324F6900356E00 /* Constants.swift in Sources */ = {isa = PBXBuildFile; fileRef = 9CB6DA8028324F6900356E00 /* Constants.swift */; };
		9CB6DA83283251DB00356E00 /* User.swift in Sources */ = {isa = PBXBuildFile; fileRef = 9CB6DA82283251DB00356E00 /* User.swift */; };
		9CB6DA9428325B1400356E00 /* FirebaseAuth in Frameworks */ = {isa = PBXBuildFile; productRef = 9CB6DA9328325B1400356E00 /* FirebaseAuth */; };
		9CB6DA9628325B1400356E00 /* FirebaseFirestore in Frameworks */ = {isa = PBXBuildFile; productRef = 9CB6DA9528325B1400356E00 /* FirebaseFirestore */; };
		9CB6DA9828325B1400356E00 /* FirebaseFirestoreSwift in Frameworks */ = {isa = PBXBuildFile; productRef = 9CB6DA9728325B1400356E00 /* FirebaseFirestoreSwift */; };
		9CB6DA9A28325B1400356E00 /* FirebaseFunctions in Frameworks */ = {isa = PBXBuildFile; productRef = 9CB6DA9928325B1400356E00 /* FirebaseFunctions */; };
		9CB6DA9C28325B1400356E00 /* FirebaseMessaging in Frameworks */ = {isa = PBXBuildFile; productRef = 9CB6DA9B28325B1400356E00 /* FirebaseMessaging */; };
		9CB6DA9E28325B1400356E00 /* FirebaseStorage in Frameworks */ = {isa = PBXBuildFile; productRef = 9CB6DA9D28325B1400356E00 /* FirebaseStorage */; };
		9CB6DAA0283283AA00356E00 /* SearchViewModel.swift in Sources */ = {isa = PBXBuildFile; fileRef = 9CB6DA9F283283A900356E00 /* SearchViewModel.swift */; };
		9CCA091828265CB0003C7214 /* AuthViewModel.swift in Sources */ = {isa = PBXBuildFile; fileRef = 9CCA091728265CB0003C7214 /* AuthViewModel.swift */; };
		9CCA091A28265CEF003C7214 /* GoogleService-Info.plist in Resources */ = {isa = PBXBuildFile; fileRef = 9CCA091928265CEF003C7214 /* GoogleService-Info.plist */; };
		9CD361CD28278CEC00EC0C78 /* ImageUploader.swift in Sources */ = {isa = PBXBuildFile; fileRef = 9CD361CC28278CEC00EC0C78 /* ImageUploader.swift */; };
		9CF574FA2841F69900FDFC36 /* FeedCellViewModel.swift in Sources */ = {isa = PBXBuildFile; fileRef = 9CF574F92841F69900FDFC36 /* FeedCellViewModel.swift */; };
		9CF574FC284209B200FDFC36 /* Comment.swift in Sources */ = {isa = PBXBuildFile; fileRef = 9CF574FB284209B200FDFC36 /* Comment.swift */; };
		9CF574FE284209EB00FDFC36 /* CommentsView.swift in Sources */ = {isa = PBXBuildFile; fileRef = 9CF574FD284209EB00FDFC36 /* CommentsView.swift */; };
		9CF57500284209F800FDFC36 /* CommentsCell.swift in Sources */ = {isa = PBXBuildFile; fileRef = 9CF574FF284209F800FDFC36 /* CommentsCell.swift */; };
		9CF5750228420A2300FDFC36 /* CommentsViewModel.swift in Sources */ = {isa = PBXBuildFile; fileRef = 9CF5750128420A2300FDFC36 /* CommentsViewModel.swift */; };
		9CF575042842105200FDFC36 /* CustomInputView.swift in Sources */ = {isa = PBXBuildFile; fileRef = 9CF575032842105200FDFC36 /* CustomInputView.swift */; };
/* End PBXBuildFile section */

/* Begin PBXFileReference section */
		9C195B2F2839FE1A00C64CA4 /* ProfileViewModel.swift */ = {isa = PBXFileReference; lastKnownFileType = sourcecode.swift; path = ProfileViewModel.swift; sourceTree = "<group>"; };
		9C195B31283A0B4500C64CA4 /* UserService.swift */ = {isa = PBXFileReference; lastKnownFileType = sourcecode.swift; path = UserService.swift; sourceTree = "<group>"; };
		9C195B33283A25EB00C64CA4 /* UploadPostViewModel.swift */ = {isa = PBXFileReference; lastKnownFileType = sourcecode.swift; path = UploadPostViewModel.swift; sourceTree = "<group>"; };
		9C195B35283A32E600C64CA4 /* TextArea.swift */ = {isa = PBXFileReference; lastKnownFileType = sourcecode.swift; path = TextArea.swift; sourceTree = "<group>"; };
		9C195B38283A7EC200C64CA4 /* Post.swift */ = {isa = PBXFileReference; lastKnownFileType = sourcecode.swift; path = Post.swift; sourceTree = "<group>"; };
		9C195B3A283A801700C64CA4 /* FeedViewModel.swift */ = {isa = PBXFileReference; lastKnownFileType = sourcecode.swift; path = FeedViewModel.swift; sourceTree = "<group>"; };
		9C195B3C283A8FF700C64CA4 /* PostGridViewModel.swift */ = {isa = PBXFileReference; lastKnownFileType = sourcecode.swift; path = PostGridViewModel.swift; sourceTree = "<group>"; };
		9C7092BA28238CF500A2A0C3 /* instaclone.app */ = {isa = PBXFileReference; explicitFileType = wrapper.application; includeInIndex = 0; path = instaclone.app; sourceTree = BUILT_PRODUCTS_DIR; };
		9C7092BD28238CF500A2A0C3 /* instacloneApp.swift */ = {isa = PBXFileReference; lastKnownFileType = sourcecode.swift; path = instacloneApp.swift; sourceTree = "<group>"; };
		9C7092C128238CF700A2A0C3 /* Assets.xcassets */ = {isa = PBXFileReference; lastKnownFileType = folder.assetcatalog; path = Assets.xcassets; sourceTree = "<group>"; };
		9C7092C428238CF700A2A0C3 /* Preview Assets.xcassets */ = {isa = PBXFileReference; lastKnownFileType = folder.assetcatalog; path = "Preview Assets.xcassets"; sourceTree = "<group>"; };
		9C7092D12823904900A2A0C3 /* ContentView.swift */ = {isa = PBXFileReference; lastKnownFileType = sourcecode.swift; path = ContentView.swift; sourceTree = "<group>"; };
		9C7092DF282391E300A2A0C3 /* MainTabView.swift */ = {isa = PBXFileReference; lastKnownFileType = sourcecode.swift; path = MainTabView.swift; sourceTree = "<group>"; };
		9C7092E12823923300A2A0C3 /* FeedView.swift */ = {isa = PBXFileReference; lastKnownFileType = sourcecode.swift; path = FeedView.swift; sourceTree = "<group>"; };
		9C7092E32823926C00A2A0C3 /* SearchView.swift */ = {isa = PBXFileReference; lastKnownFileType = sourcecode.swift; path = SearchView.swift; sourceTree = "<group>"; };
		9C7092E52823928700A2A0C3 /* NotificationsView.swift */ = {isa = PBXFileReference; lastKnownFileType = sourcecode.swift; path = NotificationsView.swift; sourceTree = "<group>"; };
		9C7092E7282392A700A2A0C3 /* ProfileView.swift */ = {isa = PBXFileReference; lastKnownFileType = sourcecode.swift; path = ProfileView.swift; sourceTree = "<group>"; };
		9C7092E9282392BF00A2A0C3 /* UploadPostView.swift */ = {isa = PBXFileReference; lastKnownFileType = sourcecode.swift; path = UploadPostView.swift; sourceTree = "<group>"; };
		9C7092EB2823A03E00A2A0C3 /* FeedCell.swift */ = {isa = PBXFileReference; lastKnownFileType = sourcecode.swift; path = FeedCell.swift; sourceTree = "<group>"; };
		9C7092ED2823B6C300A2A0C3 /* SearchBar.swift */ = {isa = PBXFileReference; lastKnownFileType = sourcecode.swift; path = SearchBar.swift; sourceTree = "<group>"; };
		9C7092EF2823BA8200A2A0C3 /* PostGridView.swift */ = {isa = PBXFileReference; lastKnownFileType = sourcecode.swift; path = PostGridView.swift; sourceTree = "<group>"; };
		9C7092F32823BCDA00A2A0C3 /* UserListView.swift */ = {isa = PBXFileReference; lastKnownFileType = sourcecode.swift; path = UserListView.swift; sourceTree = "<group>"; };
		9C7092F52823BD8400A2A0C3 /* UserCell.swift */ = {isa = PBXFileReference; lastKnownFileType = sourcecode.swift; path = UserCell.swift; sourceTree = "<group>"; };
		9C7092F72823DC9700A2A0C3 /* Extensions.swift */ = {isa = PBXFileReference; lastKnownFileType = sourcecode.swift; path = Extensions.swift; sourceTree = "<group>"; };
		9C7092F92823E3E200A2A0C3 /* NotificationCell.swift */ = {isa = PBXFileReference; lastKnownFileType = sourcecode.swift; path = NotificationCell.swift; sourceTree = "<group>"; };
		9C7092FB2823E7C200A2A0C3 /* ProfileHeaderView.swift */ = {isa = PBXFileReference; lastKnownFileType = sourcecode.swift; path = ProfileHeaderView.swift; sourceTree = "<group>"; };
		9C7092FD2824F6E700A2A0C3 /* UserStatView.swift */ = {isa = PBXFileReference; lastKnownFileType = sourcecode.swift; path = UserStatView.swift; sourceTree = "<group>"; };
		9C7093002824F8A300A2A0C3 /* ProfileActionButton.swift */ = {isa = PBXFileReference; lastKnownFileType = sourcecode.swift; path = ProfileActionButton.swift; sourceTree = "<group>"; };
		9C70930228250B4400A2A0C3 /* ImagePicker.swift */ = {isa = PBXFileReference; lastKnownFileType = sourcecode.swift; path = ImagePicker.swift; sourceTree = "<group>"; };
		9C7093252825369B00A2A0C3 /* LoginView.swift */ = {isa = PBXFileReference; lastKnownFileType = sourcecode.swift; name = LoginView.swift; path = instaclone/View/Authentication/LoginView.swift; sourceTree = SOURCE_ROOT; };
		9C7093272825371D00A2A0C3 /* ResetPasswordView.swift */ = {isa = PBXFileReference; lastKnownFileType = sourcecode.swift; name = ResetPasswordView.swift; path = instaclone/View/Authentication/ResetPasswordView.swift; sourceTree = SOURCE_ROOT; };
		9C7093292825372C00A2A0C3 /* RegistrationView.swift */ = {isa = PBXFileReference; lastKnownFileType = sourcecode.swift; name = RegistrationView.swift; path = instaclone/View/Authentication/RegistrationView.swift; sourceTree = SOURCE_ROOT; };
		9C70932B282537A500A2A0C3 /* KaushanScript-Regular.ttf */ = {isa = PBXFileReference; lastKnownFileType = file; path = "KaushanScript-Regular.ttf"; sourceTree = "<group>"; };
		9C70932D282537B600A2A0C3 /* Info.plist */ = {isa = PBXFileReference; lastKnownFileType = text.plist; path = Info.plist; sourceTree = "<group>"; };
		9C70932E282539AB00A2A0C3 /* CustomTextField.swift */ = {isa = PBXFileReference; lastKnownFileType = sourcecode.swift; path = CustomTextField.swift; sourceTree = "<group>"; };
		9C709330282539B900A2A0C3 /* CustomSecureField.swift */ = {isa = PBXFileReference; lastKnownFileType = sourcecode.swift; path = CustomSecureField.swift; sourceTree = "<group>"; };
		9CB6DA8028324F6900356E00 /* Constants.swift */ = {isa = PBXFileReference; lastKnownFileType = sourcecode.swift; path = Constants.swift; sourceTree = "<group>"; };
		9CB6DA82283251DB00356E00 /* User.swift */ = {isa = PBXFileReference; lastKnownFileType = sourcecode.swift; path = User.swift; sourceTree = "<group>"; };
		9CB6DA9F283283A900356E00 /* SearchViewModel.swift */ = {isa = PBXFileReference; lastKnownFileType = sourcecode.swift; path = SearchViewModel.swift; sourceTree = "<group>"; };
		9CCA091728265CB0003C7214 /* AuthViewModel.swift */ = {isa = PBXFileReference; lastKnownFileType = sourcecode.swift; path = AuthViewModel.swift; sourceTree = "<group>"; };
		9CCA091928265CEF003C7214 /* GoogleService-Info.plist */ = {isa = PBXFileReference; fileEncoding = 4; lastKnownFileType = text.plist.xml; path = "GoogleService-Info.plist"; sourceTree = "<group>"; };
		9CD361CC28278CEC00EC0C78 /* ImageUploader.swift */ = {isa = PBXFileReference; lastKnownFileType = sourcecode.swift; path = ImageUploader.swift; sourceTree = "<group>"; };
		9CF574F92841F69900FDFC36 /* FeedCellViewModel.swift */ = {isa = PBXFileReference; lastKnownFileType = sourcecode.swift; path = FeedCellViewModel.swift; sourceTree = "<group>"; };
		9CF574FB284209B200FDFC36 /* Comment.swift */ = {isa = PBXFileReference; lastKnownFileType = sourcecode.swift; path = Comment.swift; sourceTree = "<group>"; };
		9CF574FD284209EB00FDFC36 /* CommentsView.swift */ = {isa = PBXFileReference; lastKnownFileType = sourcecode.swift; path = CommentsView.swift; sourceTree = "<group>"; };
		9CF574FF284209F800FDFC36 /* CommentsCell.swift */ = {isa = PBXFileReference; lastKnownFileType = sourcecode.swift; path = CommentsCell.swift; sourceTree = "<group>"; };
		9CF5750128420A2300FDFC36 /* CommentsViewModel.swift */ = {isa = PBXFileReference; lastKnownFileType = sourcecode.swift; path = CommentsViewModel.swift; sourceTree = "<group>"; };
		9CF575032842105200FDFC36 /* CustomInputView.swift */ = {isa = PBXFileReference; lastKnownFileType = sourcecode.swift; path = CustomInputView.swift; sourceTree = "<group>"; };
/* End PBXFileReference section */

/* Begin PBXFrameworksBuildPhase section */
		9C7092B728238CF500A2A0C3 /* Frameworks */ = {
			isa = PBXFrameworksBuildPhase;
			buildActionMask = 2147483647;
			files = (
				9CB6DA9C28325B1400356E00 /* FirebaseMessaging in Frameworks */,
				9C70933F28264ACB00A2A0C3 /* Kingfisher in Frameworks */,
				9CB6DA9428325B1400356E00 /* FirebaseAuth in Frameworks */,
				9CB6DA9A28325B1400356E00 /* FirebaseFunctions in Frameworks */,
				9CB6DA9E28325B1400356E00 /* FirebaseStorage in Frameworks */,
				9CB6DA9628325B1400356E00 /* FirebaseFirestore in Frameworks */,
				9CB6DA9828325B1400356E00 /* FirebaseFirestoreSwift in Frameworks */,
			);
			runOnlyForDeploymentPostprocessing = 0;
		};
/* End PBXFrameworksBuildPhase section */

/* Begin PBXGroup section */
		9C7092B128238CF500A2A0C3 = {
			isa = PBXGroup;
			children = (
				9C7092BC28238CF500A2A0C3 /* instaclone */,
				9C7092BB28238CF500A2A0C3 /* Products */,
			);
			sourceTree = "<group>";
		};
		9C7092BB28238CF500A2A0C3 /* Products */ = {
			isa = PBXGroup;
			children = (
				9C7092BA28238CF500A2A0C3 /* instaclone.app */,
			);
			name = Products;
			sourceTree = "<group>";
		};
		9C7092BC28238CF500A2A0C3 /* instaclone */ = {
			isa = PBXGroup;
			children = (
				9C70932D282537B600A2A0C3 /* Info.plist */,
				9CCA091928265CEF003C7214 /* GoogleService-Info.plist */,
				9C7093242825366900A2A0C3 /* fonts */,
				9C7092CF28238FA200A2A0C3 /* Model */,
				9C7092CE28238F9F00A2A0C3 /* View */,
				9C7092CD28238F9C00A2A0C3 /* ViewModel */,
				9C7092CC28238F9800A2A0C3 /* API */,
				9C7092CB28238F8000A2A0C3 /* Utils */,
				9C7092BD28238CF500A2A0C3 /* instacloneApp.swift */,
				9C7092C128238CF700A2A0C3 /* Assets.xcassets */,
				9C7092C328238CF700A2A0C3 /* Preview Content */,
			);
			path = instaclone;
			sourceTree = "<group>";
		};
		9C7092C328238CF700A2A0C3 /* Preview Content */ = {
			isa = PBXGroup;
			children = (
				9C7092C428238CF700A2A0C3 /* Preview Assets.xcassets */,
			);
			path = "Preview Content";
			sourceTree = "<group>";
		};
		9C7092CB28238F8000A2A0C3 /* Utils */ = {
			isa = PBXGroup;
			children = (
				9C7092F72823DC9700A2A0C3 /* Extensions.swift */,
				9C70930228250B4400A2A0C3 /* ImagePicker.swift */,
				9C70932E282539AB00A2A0C3 /* CustomTextField.swift */,
				9C709330282539B900A2A0C3 /* CustomSecureField.swift */,
				9CB6DA8028324F6900356E00 /* Constants.swift */,
				9C195B35283A32E600C64CA4 /* TextArea.swift */,
			);
			path = Utils;
			sourceTree = "<group>";
		};
		9C7092CC28238F9800A2A0C3 /* API */ = {
			isa = PBXGroup;
			children = (
				9CD361CC28278CEC00EC0C78 /* ImageUploader.swift */,
				9C195B31283A0B4500C64CA4 /* UserService.swift */,
			);
			path = API;
			sourceTree = "<group>";
		};
		9C7092CD28238F9C00A2A0C3 /* ViewModel */ = {
			isa = PBXGroup;
			children = (
				9C7092DE2823914E00A2A0C3 /* Profile */,
				9C7092DD2823913E00A2A0C3 /* Authentication */,
				9C7092DC2823913600A2A0C3 /* Notifications */,
				9C7092DB2823912D00A2A0C3 /* Feed */,
				9CB6DA9F283283A900356E00 /* SearchViewModel.swift */,
				9C195B33283A25EB00C64CA4 /* UploadPostViewModel.swift */,
				9C195B3C283A8FF700C64CA4 /* PostGridViewModel.swift */,
				9CF5750128420A2300FDFC36 /* CommentsViewModel.swift */,
			);
			path = ViewModel;
			sourceTree = "<group>";
		};
		9C7092CE28238F9F00A2A0C3 /* View */ = {
			isa = PBXGroup;
			children = (
				9C70934028264CE200A2A0C3 /* Authentication */,
				9C7092DA282390E100A2A0C3 /* Items */,
				9C7092D8282390C400A2A0C3 /* Notifications */,
				9C7092D7282390BB00A2A0C3 /* Search */,
				9C7092D6282390B300A2A0C3 /* Comments */,
				9C7092D5282390A800A2A0C3 /* Feed */,
				9C7092D4282390A000A2A0C3 /* Profile */,
				9C7092D32823907B00A2A0C3 /* UploadPost */,
				9C7092D02823902400A2A0C3 /* Main */,
			);
			path = View;
			sourceTree = "<group>";
		};
		9C7092CF28238FA200A2A0C3 /* Model */ = {
			isa = PBXGroup;
			children = (
				9CB6DA82283251DB00356E00 /* User.swift */,
				9C195B38283A7EC200C64CA4 /* Post.swift */,
				9CF574FB284209B200FDFC36 /* Comment.swift */,
			);
			path = Model;
			sourceTree = "<group>";
		};
		9C7092D02823902400A2A0C3 /* Main */ = {
			isa = PBXGroup;
			children = (
				9C7092D12823904900A2A0C3 /* ContentView.swift */,
				9C7092DF282391E300A2A0C3 /* MainTabView.swift */,
			);
			path = Main;
			sourceTree = "<group>";
		};
		9C7092D32823907B00A2A0C3 /* UploadPost */ = {
			isa = PBXGroup;
			children = (
				9C7092E9282392BF00A2A0C3 /* UploadPostView.swift */,
			);
			path = UploadPost;
			sourceTree = "<group>";
		};
		9C7092D4282390A000A2A0C3 /* Profile */ = {
			isa = PBXGroup;
			children = (
				9C7092E7282392A700A2A0C3 /* ProfileView.swift */,
				9C7092FB2823E7C200A2A0C3 /* ProfileHeaderView.swift */,
				9C7092FD2824F6E700A2A0C3 /* UserStatView.swift */,
				9C7093002824F8A300A2A0C3 /* ProfileActionButton.swift */,
			);
			path = Profile;
			sourceTree = "<group>";
		};
		9C7092D5282390A800A2A0C3 /* Feed */ = {
			isa = PBXGroup;
			children = (
				9C7092E12823923300A2A0C3 /* FeedView.swift */,
				9C7092EB2823A03E00A2A0C3 /* FeedCell.swift */,
			);
			path = Feed;
			sourceTree = "<group>";
		};
		9C7092D6282390B300A2A0C3 /* Comments */ = {
			isa = PBXGroup;
			children = (
				9CF574FD284209EB00FDFC36 /* CommentsView.swift */,
				9CF574FF284209F800FDFC36 /* CommentsCell.swift */,
			);
			path = Comments;
			sourceTree = "<group>";
		};
		9C7092D7282390BB00A2A0C3 /* Search */ = {
			isa = PBXGroup;
			children = (
				9C7092E32823926C00A2A0C3 /* SearchView.swift */,
				9C7092ED2823B6C300A2A0C3 /* SearchBar.swift */,
			);
			path = Search;
			sourceTree = "<group>";
		};
		9C7092D8282390C400A2A0C3 /* Notifications */ = {
			isa = PBXGroup;
			children = (
				9C7092E52823928700A2A0C3 /* NotificationsView.swift */,
				9C7092F92823E3E200A2A0C3 /* NotificationCell.swift */,
			);
			path = Notifications;
			sourceTree = "<group>";
		};
		9C7092DA282390E100A2A0C3 /* Items */ = {
			isa = PBXGroup;
			children = (
				9C7092EF2823BA8200A2A0C3 /* PostGridView.swift */,
				9C7092F52823BD8400A2A0C3 /* UserCell.swift */,
				9C7092F32823BCDA00A2A0C3 /* UserListView.swift */,
				9CF575032842105200FDFC36 /* CustomInputView.swift */,
			);
			path = Items;
			sourceTree = "<group>";
		};
		9C7092DB2823912D00A2A0C3 /* Feed */ = {
			isa = PBXGroup;
			children = (
				9C195B3A283A801700C64CA4 /* FeedViewModel.swift */,
				9CF574F92841F69900FDFC36 /* FeedCellViewModel.swift */,
			);
			path = Feed;
			sourceTree = "<group>";
		};
		9C7092DC2823913600A2A0C3 /* Notifications */ = {
			isa = PBXGroup;
			children = (
			);
			path = Notifications;
			sourceTree = "<group>";
		};
		9C7092DD2823913E00A2A0C3 /* Authentication */ = {
			isa = PBXGroup;
			children = (
				9CCA091728265CB0003C7214 /* AuthViewModel.swift */,
			);
			path = Authentication;
			sourceTree = "<group>";
		};
		9C7092DE2823914E00A2A0C3 /* Profile */ = {
			isa = PBXGroup;
			children = (
				9C195B2F2839FE1A00C64CA4 /* ProfileViewModel.swift */,
			);
			path = Profile;
			sourceTree = "<group>";
		};
		9C7093242825366900A2A0C3 /* fonts */ = {
			isa = PBXGroup;
			children = (
				9C70932B282537A500A2A0C3 /* KaushanScript-Regular.ttf */,
			);
			path = fonts;
			sourceTree = "<group>";
		};
		9C70934028264CE200A2A0C3 /* Authentication */ = {
			isa = PBXGroup;
			children = (
				9C7093252825369B00A2A0C3 /* LoginView.swift */,
				9C7093272825371D00A2A0C3 /* ResetPasswordView.swift */,
				9C7093292825372C00A2A0C3 /* RegistrationView.swift */,
			);
			path = Authentication;
			sourceTree = "<group>";
		};
/* End PBXGroup section */

/* Begin PBXNativeTarget section */
		9C7092B928238CF500A2A0C3 /* instaclone */ = {
			isa = PBXNativeTarget;
			buildConfigurationList = 9C7092C828238CF700A2A0C3 /* Build configuration list for PBXNativeTarget "instaclone" */;
			buildPhases = (
				9C7092B628238CF500A2A0C3 /* Sources */,
				9C7092B728238CF500A2A0C3 /* Frameworks */,
				9C7092B828238CF500A2A0C3 /* Resources */,
			);
			buildRules = (
			);
			dependencies = (
			);
			name = instaclone;
			packageProductDependencies = (
				9C70933E28264ACB00A2A0C3 /* Kingfisher */,
				9CB6DA9328325B1400356E00 /* FirebaseAuth */,
				9CB6DA9528325B1400356E00 /* FirebaseFirestore */,
				9CB6DA9728325B1400356E00 /* FirebaseFirestoreSwift */,
				9CB6DA9928325B1400356E00 /* FirebaseFunctions */,
				9CB6DA9B28325B1400356E00 /* FirebaseMessaging */,
				9CB6DA9D28325B1400356E00 /* FirebaseStorage */,
			);
			productName = instaclone;
			productReference = 9C7092BA28238CF500A2A0C3 /* instaclone.app */;
			productType = "com.apple.product-type.application";
		};
/* End PBXNativeTarget section */

/* Begin PBXProject section */
		9C7092B228238CF500A2A0C3 /* Project object */ = {
			isa = PBXProject;
			attributes = {
				BuildIndependentTargetsInParallel = 1;
				LastSwiftUpdateCheck = 1330;
				LastUpgradeCheck = 1330;
				TargetAttributes = {
					9C7092B928238CF500A2A0C3 = {
						CreatedOnToolsVersion = 13.3.1;
					};
				};
			};
			buildConfigurationList = 9C7092B528238CF500A2A0C3 /* Build configuration list for PBXProject "instaclone" */;
			compatibilityVersion = "Xcode 13.0";
			developmentRegion = en;
			hasScannedForEncodings = 0;
			knownRegions = (
				en,
				Base,
			);
			mainGroup = 9C7092B128238CF500A2A0C3;
			packageReferences = (
				9C70933D28264ACB00A2A0C3 /* XCRemoteSwiftPackageReference "KingFisher" */,
				9CB6DA9228325B1400356E00 /* XCRemoteSwiftPackageReference "firebase-ios-sdk" */,
			);
			productRefGroup = 9C7092BB28238CF500A2A0C3 /* Products */;
			projectDirPath = "";
			projectRoot = "";
			targets = (
				9C7092B928238CF500A2A0C3 /* instaclone */,
			);
		};
/* End PBXProject section */

/* Begin PBXResourcesBuildPhase section */
		9C7092B828238CF500A2A0C3 /* Resources */ = {
			isa = PBXResourcesBuildPhase;
			buildActionMask = 2147483647;
			files = (
				9C7092C528238CF700A2A0C3 /* Preview Assets.xcassets in Resources */,
				9CCA091A28265CEF003C7214 /* GoogleService-Info.plist in Resources */,
				9C7092C228238CF700A2A0C3 /* Assets.xcassets in Resources */,
				9C70932C282537A500A2A0C3 /* KaushanScript-Regular.ttf in Resources */,
			);
			runOnlyForDeploymentPostprocessing = 0;
		};
/* End PBXResourcesBuildPhase section */

/* Begin PBXSourcesBuildPhase section */
		9C7092B628238CF500A2A0C3 /* Sources */ = {
			isa = PBXSourcesBuildPhase;
			buildActionMask = 2147483647;
			files = (
				9C195B3B283A801700C64CA4 /* FeedViewModel.swift in Sources */,
				9C7092E42823926C00A2A0C3 /* SearchView.swift in Sources */,
				9C7092F62823BD8400A2A0C3 /* UserCell.swift in Sources */,
				9C7092E22823923300A2A0C3 /* FeedView.swift in Sources */,
				9C7093282825371D00A2A0C3 /* ResetPasswordView.swift in Sources */,
				9CF5750228420A2300FDFC36 /* CommentsViewModel.swift in Sources */,
				9C70932F282539AB00A2A0C3 /* CustomTextField.swift in Sources */,
				9CD361CD28278CEC00EC0C78 /* ImageUploader.swift in Sources */,
				9C7093012824F8A300A2A0C3 /* ProfileActionButton.swift in Sources */,
				9C7092F02823BA8200A2A0C3 /* PostGridView.swift in Sources */,
				9C7092BE28238CF500A2A0C3 /* instacloneApp.swift in Sources */,
				9C195B3D283A8FF700C64CA4 /* PostGridViewModel.swift in Sources */,
				9CF57500284209F800FDFC36 /* CommentsCell.swift in Sources */,
				9C7092D22823904900A2A0C3 /* ContentView.swift in Sources */,
				9C70930328250B4400A2A0C3 /* ImagePicker.swift in Sources */,
				9C195B34283A25EB00C64CA4 /* UploadPostViewModel.swift in Sources */,
				9C7092E0282391E300A2A0C3 /* MainTabView.swift in Sources */,
				9C195B36283A32E600C64CA4 /* TextArea.swift in Sources */,
				9C7092FC2823E7C200A2A0C3 /* ProfileHeaderView.swift in Sources */,
				9C195B32283A0B4500C64CA4 /* UserService.swift in Sources */,
				9CF575042842105200FDFC36 /* CustomInputView.swift in Sources */,
				9C70932A2825372C00A2A0C3 /* RegistrationView.swift in Sources */,
				9C7092EA282392BF00A2A0C3 /* UploadPostView.swift in Sources */,
				9C7092FE2824F6E700A2A0C3 /* UserStatView.swift in Sources */,
				9C7092E8282392A700A2A0C3 /* ProfileView.swift in Sources */,
				9C709331282539B900A2A0C3 /* CustomSecureField.swift in Sources */,
				9CF574FE284209EB00FDFC36 /* CommentsView.swift in Sources */,
				9CF574FA2841F69900FDFC36 /* FeedCellViewModel.swift in Sources */,
				9C195B39283A7EC200C64CA4 /* Post.swift in Sources */,
				9CB6DAA0283283AA00356E00 /* SearchViewModel.swift in Sources */,
				9C7092EE2823B6C300A2A0C3 /* SearchBar.swift in Sources */,
				9C7092E62823928700A2A0C3 /* NotificationsView.swift in Sources */,
				9CB6DA83283251DB00356E00 /* User.swift in Sources */,
				9C7092EC2823A03E00A2A0C3 /* FeedCell.swift in Sources */,
				9CCA091828265CB0003C7214 /* AuthViewModel.swift in Sources */,
				9C195B302839FE1A00C64CA4 /* ProfileViewModel.swift in Sources */,
				9C7092F42823BCDA00A2A0C3 /* UserListView.swift in Sources */,
				9C7092FA2823E3E200A2A0C3 /* NotificationCell.swift in Sources */,
				9C7093262825369B00A2A0C3 /* LoginView.swift in Sources */,
				9CF574FC284209B200FDFC36 /* Comment.swift in Sources */,
				9C7092F82823DC9700A2A0C3 /* Extensions.swift in Sources */,
				9CB6DA8128324F6900356E00 /* Constants.swift in Sources */,
			);
			runOnlyForDeploymentPostprocessing = 0;
		};
/* End PBXSourcesBuildPhase section */

/* Begin XCBuildConfiguration section */
		9C7092C628238CF700A2A0C3 /* Debug */ = {
			isa = XCBuildConfiguration;
			buildSettings = {
				ALWAYS_SEARCH_USER_PATHS = NO;
				CLANG_ANALYZER_NONNULL = YES;
				CLANG_ANALYZER_NUMBER_OBJECT_CONVERSION = YES_AGGRESSIVE;
				CLANG_CXX_LANGUAGE_STANDARD = "gnu++17";
				CLANG_ENABLE_MODULES = YES;
				CLANG_ENABLE_OBJC_ARC = YES;
				CLANG_ENABLE_OBJC_WEAK = YES;
				CLANG_WARN_BLOCK_CAPTURE_AUTORELEASING = YES;
				CLANG_WARN_BOOL_CONVERSION = YES;
				CLANG_WARN_COMMA = YES;
				CLANG_WARN_CONSTANT_CONVERSION = YES;
				CLANG_WARN_DEPRECATED_OBJC_IMPLEMENTATIONS = YES;
				CLANG_WARN_DIRECT_OBJC_ISA_USAGE = YES_ERROR;
				CLANG_WARN_DOCUMENTATION_COMMENTS = YES;
				CLANG_WARN_EMPTY_BODY = YES;
				CLANG_WARN_ENUM_CONVERSION = YES;
				CLANG_WARN_INFINITE_RECURSION = YES;
				CLANG_WARN_INT_CONVERSION = YES;
				CLANG_WARN_NON_LITERAL_NULL_CONVERSION = YES;
				CLANG_WARN_OBJC_IMPLICIT_RETAIN_SELF = YES;
				CLANG_WARN_OBJC_LITERAL_CONVERSION = YES;
				CLANG_WARN_OBJC_ROOT_CLASS = YES_ERROR;
				CLANG_WARN_QUOTED_INCLUDE_IN_FRAMEWORK_HEADER = YES;
				CLANG_WARN_RANGE_LOOP_ANALYSIS = YES;
				CLANG_WARN_STRICT_PROTOTYPES = YES;
				CLANG_WARN_SUSPICIOUS_MOVE = YES;
				CLANG_WARN_UNGUARDED_AVAILABILITY = YES_AGGRESSIVE;
				CLANG_WARN_UNREACHABLE_CODE = YES;
				CLANG_WARN__DUPLICATE_METHOD_MATCH = YES;
				COPY_PHASE_STRIP = NO;
				DEBUG_INFORMATION_FORMAT = dwarf;
				ENABLE_STRICT_OBJC_MSGSEND = YES;
				ENABLE_TESTABILITY = YES;
				GCC_C_LANGUAGE_STANDARD = gnu11;
				GCC_DYNAMIC_NO_PIC = NO;
				GCC_NO_COMMON_BLOCKS = YES;
				GCC_OPTIMIZATION_LEVEL = 0;
				GCC_PREPROCESSOR_DEFINITIONS = (
					"DEBUG=1",
					"$(inherited)",
				);
				GCC_WARN_64_TO_32_BIT_CONVERSION = YES;
				GCC_WARN_ABOUT_RETURN_TYPE = YES_ERROR;
				GCC_WARN_UNDECLARED_SELECTOR = YES;
				GCC_WARN_UNINITIALIZED_AUTOS = YES_AGGRESSIVE;
				GCC_WARN_UNUSED_FUNCTION = YES;
				GCC_WARN_UNUSED_VARIABLE = YES;
				IPHONEOS_DEPLOYMENT_TARGET = 15.4;
				MTL_ENABLE_DEBUG_INFO = INCLUDE_SOURCE;
				MTL_FAST_MATH = YES;
				ONLY_ACTIVE_ARCH = YES;
				SDKROOT = iphoneos;
				SWIFT_ACTIVE_COMPILATION_CONDITIONS = DEBUG;
				SWIFT_OPTIMIZATION_LEVEL = "-Onone";
			};
			name = Debug;
		};
		9C7092C728238CF700A2A0C3 /* Release */ = {
			isa = XCBuildConfiguration;
			buildSettings = {
				ALWAYS_SEARCH_USER_PATHS = NO;
				CLANG_ANALYZER_NONNULL = YES;
				CLANG_ANALYZER_NUMBER_OBJECT_CONVERSION = YES_AGGRESSIVE;
				CLANG_CXX_LANGUAGE_STANDARD = "gnu++17";
				CLANG_ENABLE_MODULES = YES;
				CLANG_ENABLE_OBJC_ARC = YES;
				CLANG_ENABLE_OBJC_WEAK = YES;
				CLANG_WARN_BLOCK_CAPTURE_AUTORELEASING = YES;
				CLANG_WARN_BOOL_CONVERSION = YES;
				CLANG_WARN_COMMA = YES;
				CLANG_WARN_CONSTANT_CONVERSION = YES;
				CLANG_WARN_DEPRECATED_OBJC_IMPLEMENTATIONS = YES;
				CLANG_WARN_DIRECT_OBJC_ISA_USAGE = YES_ERROR;
				CLANG_WARN_DOCUMENTATION_COMMENTS = YES;
				CLANG_WARN_EMPTY_BODY = YES;
				CLANG_WARN_ENUM_CONVERSION = YES;
				CLANG_WARN_INFINITE_RECURSION = YES;
				CLANG_WARN_INT_CONVERSION = YES;
				CLANG_WARN_NON_LITERAL_NULL_CONVERSION = YES;
				CLANG_WARN_OBJC_IMPLICIT_RETAIN_SELF = YES;
				CLANG_WARN_OBJC_LITERAL_CONVERSION = YES;
				CLANG_WARN_OBJC_ROOT_CLASS = YES_ERROR;
				CLANG_WARN_QUOTED_INCLUDE_IN_FRAMEWORK_HEADER = YES;
				CLANG_WARN_RANGE_LOOP_ANALYSIS = YES;
				CLANG_WARN_STRICT_PROTOTYPES = YES;
				CLANG_WARN_SUSPICIOUS_MOVE = YES;
				CLANG_WARN_UNGUARDED_AVAILABILITY = YES_AGGRESSIVE;
				CLANG_WARN_UNREACHABLE_CODE = YES;
				CLANG_WARN__DUPLICATE_METHOD_MATCH = YES;
				COPY_PHASE_STRIP = NO;
				DEBUG_INFORMATION_FORMAT = "dwarf-with-dsym";
				ENABLE_NS_ASSERTIONS = NO;
				ENABLE_STRICT_OBJC_MSGSEND = YES;
				GCC_C_LANGUAGE_STANDARD = gnu11;
				GCC_NO_COMMON_BLOCKS = YES;
				GCC_WARN_64_TO_32_BIT_CONVERSION = YES;
				GCC_WARN_ABOUT_RETURN_TYPE = YES_ERROR;
				GCC_WARN_UNDECLARED_SELECTOR = YES;
				GCC_WARN_UNINITIALIZED_AUTOS = YES_AGGRESSIVE;
				GCC_WARN_UNUSED_FUNCTION = YES;
				GCC_WARN_UNUSED_VARIABLE = YES;
				IPHONEOS_DEPLOYMENT_TARGET = 15.4;
				MTL_ENABLE_DEBUG_INFO = NO;
				MTL_FAST_MATH = YES;
				SDKROOT = iphoneos;
				SWIFT_COMPILATION_MODE = wholemodule;
				SWIFT_OPTIMIZATION_LEVEL = "-O";
				VALIDATE_PRODUCT = YES;
			};
			name = Release;
		};
		9C7092C928238CF700A2A0C3 /* Debug */ = {
			isa = XCBuildConfiguration;
			buildSettings = {
				ASSETCATALOG_COMPILER_APPICON_NAME = AppIcon;
				ASSETCATALOG_COMPILER_GLOBAL_ACCENT_COLOR_NAME = AccentColor;
				CODE_SIGN_STYLE = Automatic;
				CURRENT_PROJECT_VERSION = 1;
				DEVELOPMENT_ASSET_PATHS = "\"instaclone/Preview Content\"";
				DEVELOPMENT_TEAM = 9SZJQF3HUV;
				ENABLE_PREVIEWS = YES;
				GENERATE_INFOPLIST_FILE = YES;
				INFOPLIST_FILE = instaclone/Info.plist;
				INFOPLIST_KEY_UIApplicationSceneManifest_Generation = YES;
				INFOPLIST_KEY_UIApplicationSupportsIndirectInputEvents = YES;
				INFOPLIST_KEY_UILaunchScreen_Generation = YES;
				INFOPLIST_KEY_UISupportedInterfaceOrientations_iPad = "UIInterfaceOrientationPortrait UIInterfaceOrientationPortraitUpsideDown UIInterfaceOrientationLandscapeLeft UIInterfaceOrientationLandscapeRight";
				INFOPLIST_KEY_UISupportedInterfaceOrientations_iPhone = "UIInterfaceOrientationPortrait UIInterfaceOrientationLandscapeLeft UIInterfaceOrientationLandscapeRight";
				LD_RUNPATH_SEARCH_PATHS = (
					"$(inherited)",
					"@executable_path/Frameworks",
				);
				MARKETING_VERSION = 1.0;
				PRODUCT_BUNDLE_IDENTIFIER = com.ivanouski.instaclone;
				PRODUCT_NAME = "$(TARGET_NAME)";
				SWIFT_EMIT_LOC_STRINGS = YES;
				SWIFT_VERSION = 5.0;
				TARGETED_DEVICE_FAMILY = "1,2";
			};
			name = Debug;
		};
		9C7092CA28238CF700A2A0C3 /* Release */ = {
			isa = XCBuildConfiguration;
			buildSettings = {
				ASSETCATALOG_COMPILER_APPICON_NAME = AppIcon;
				ASSETCATALOG_COMPILER_GLOBAL_ACCENT_COLOR_NAME = AccentColor;
				CODE_SIGN_STYLE = Automatic;
				CURRENT_PROJECT_VERSION = 1;
				DEVELOPMENT_ASSET_PATHS = "\"instaclone/Preview Content\"";
				DEVELOPMENT_TEAM = 9SZJQF3HUV;
				ENABLE_PREVIEWS = YES;
				GENERATE_INFOPLIST_FILE = YES;
				INFOPLIST_FILE = instaclone/Info.plist;
				INFOPLIST_KEY_UIApplicationSceneManifest_Generation = YES;
				INFOPLIST_KEY_UIApplicationSupportsIndirectInputEvents = YES;
				INFOPLIST_KEY_UILaunchScreen_Generation = YES;
				INFOPLIST_KEY_UISupportedInterfaceOrientations_iPad = "UIInterfaceOrientationPortrait UIInterfaceOrientationPortraitUpsideDown UIInterfaceOrientationLandscapeLeft UIInterfaceOrientationLandscapeRight";
				INFOPLIST_KEY_UISupportedInterfaceOrientations_iPhone = "UIInterfaceOrientationPortrait UIInterfaceOrientationLandscapeLeft UIInterfaceOrientationLandscapeRight";
				LD_RUNPATH_SEARCH_PATHS = (
					"$(inherited)",
					"@executable_path/Frameworks",
				);
				MARKETING_VERSION = 1.0;
				PRODUCT_BUNDLE_IDENTIFIER = com.ivanouski.instaclone;
				PRODUCT_NAME = "$(TARGET_NAME)";
				SWIFT_EMIT_LOC_STRINGS = YES;
				SWIFT_VERSION = 5.0;
				TARGETED_DEVICE_FAMILY = "1,2";
			};
			name = Release;
		};
/* End XCBuildConfiguration section */

/* Begin XCConfigurationList section */
		9C7092B528238CF500A2A0C3 /* Build configuration list for PBXProject "instaclone" */ = {
			isa = XCConfigurationList;
			buildConfigurations = (
				9C7092C628238CF700A2A0C3 /* Debug */,
				9C7092C728238CF700A2A0C3 /* Release */,
			);
			defaultConfigurationIsVisible = 0;
			defaultConfigurationName = Release;
		};
		9C7092C828238CF700A2A0C3 /* Build configuration list for PBXNativeTarget "instaclone" */ = {
			isa = XCConfigurationList;
			buildConfigurations = (
				9C7092C928238CF700A2A0C3 /* Debug */,
				9C7092CA28238CF700A2A0C3 /* Release */,
			);
			defaultConfigurationIsVisible = 0;
			defaultConfigurationName = Release;
		};
/* End XCConfigurationList section */

/* Begin XCRemoteSwiftPackageReference section */
		9C70933D28264ACB00A2A0C3 /* XCRemoteSwiftPackageReference "KingFisher" */ = {
			isa = XCRemoteSwiftPackageReference;
			repositoryURL = "https://github.com/onevcat/KingFisher.git";
			requirement = {
				kind = upToNextMajorVersion;
				minimumVersion = 7.0.0;
			};
		};
		9CB6DA9228325B1400356E00 /* XCRemoteSwiftPackageReference "firebase-ios-sdk" */ = {
			isa = XCRemoteSwiftPackageReference;
			repositoryURL = "https://github.com/firebase/firebase-ios-sdk.git";
			requirement = {
				kind = upToNextMajorVersion;
				minimumVersion = 9.0.0;
			};
		};
/* End XCRemoteSwiftPackageReference section */

/* Begin XCSwiftPackageProductDependency section */
		9C70933E28264ACB00A2A0C3 /* Kingfisher */ = {
			isa = XCSwiftPackageProductDependency;
			package = 9C70933D28264ACB00A2A0C3 /* XCRemoteSwiftPackageReference "KingFisher" */;
			productName = Kingfisher;
		};
		9CB6DA9328325B1400356E00 /* FirebaseAuth */ = {
			isa = XCSwiftPackageProductDependency;
			package = 9CB6DA9228325B1400356E00 /* XCRemoteSwiftPackageReference "firebase-ios-sdk" */;
			productName = FirebaseAuth;
		};
		9CB6DA9528325B1400356E00 /* FirebaseFirestore */ = {
			isa = XCSwiftPackageProductDependency;
			package = 9CB6DA9228325B1400356E00 /* XCRemoteSwiftPackageReference "firebase-ios-sdk" */;
			productName = FirebaseFirestore;
		};
		9CB6DA9728325B1400356E00 /* FirebaseFirestoreSwift */ = {
			isa = XCSwiftPackageProductDependency;
			package = 9CB6DA9228325B1400356E00 /* XCRemoteSwiftPackageReference "firebase-ios-sdk" */;
			productName = FirebaseFirestoreSwift;
		};
		9CB6DA9928325B1400356E00 /* FirebaseFunctions */ = {
			isa = XCSwiftPackageProductDependency;
			package = 9CB6DA9228325B1400356E00 /* XCRemoteSwiftPackageReference "firebase-ios-sdk" */;
			productName = FirebaseFunctions;
		};
		9CB6DA9B28325B1400356E00 /* FirebaseMessaging */ = {
			isa = XCSwiftPackageProductDependency;
			package = 9CB6DA9228325B1400356E00 /* XCRemoteSwiftPackageReference "firebase-ios-sdk" */;
			productName = FirebaseMessaging;
		};
		9CB6DA9D28325B1400356E00 /* FirebaseStorage */ = {
			isa = XCSwiftPackageProductDependency;
			package = 9CB6DA9228325B1400356E00 /* XCRemoteSwiftPackageReference "firebase-ios-sdk" */;
			productName = FirebaseStorage;
		};
/* End XCSwiftPackageProductDependency section */
	};
	rootObject = 9C7092B228238CF500A2A0C3 /* Project object */;
}
